<Solution>
  <Folder Name="/src/">
    <Project Path="src/SneakersShop.API/SneakersShop.API.csproj" />
    <Project Path="src/SneakersShop.Application/SneakersShop.Application.csproj" />
    <Project Path="src/SneakersShop.Domain/SneakersShop.Domain.csproj" />
    <Project Path="src/SneakersShop.Infrastructure/SneakersShop.Infrastructure.csproj" />
    <Project Path="src/SneakersShop.Migrations/SneakersShop.Migrations.csproj" />
  </Folder>
  <Folder Name="/tests/">
    <Project Path="tests/SneakersShop.Domain.UnitTests/SneakersShop.Domain.UnitTests.csproj" />
    <Project Path="tests/SneakersShop.IntegrationTests/SneakersShop.IntegrationTests.csproj" />
  </Folder>
</Solution>
